// !$*UTF8*$!
{
	archiveVersion = 1;
	classes = {
	};
	objectVersion = 50;
	objects = {

/* Begin PBXBuildFile section */
		B914F94F21D9103D0072032E /* AppDelegate.swift in Sources */ = {isa = PBXBuildFile; fileRef = B914F94E21D9103D0072032E /* AppDelegate.swift */; };
		B914F95121D9103D0072032E /* ViewController.swift in Sources */ = {isa = PBXBuildFile; fileRef = B914F95021D9103D0072032E /* ViewController.swift */; };
		B914F95421D9103D0072032E /* Main.storyboard in Resources */ = {isa = PBXBuildFile; fileRef = B914F95221D9103D0072032E /* Main.storyboard */; };
		B914F95621D9103E0072032E /* Assets.xcassets in Resources */ = {isa = PBXBuildFile; fileRef = B914F95521D9103E0072032E /* Assets.xcassets */; };
		B914F95921D9103E0072032E /* LaunchScreen.storyboard in Resources */ = {isa = PBXBuildFile; fileRef = B914F95721D9103E0072032E /* LaunchScreen.storyboard */; };
		B914F96121D91DCD0072032E /* AddEventViewController.swift in Sources */ = {isa = PBXBuildFile; fileRef = B914F96021D91DCD0072032E /* AddEventViewController.swift */; };
		B914F96521D921760072032E /* SportsKind.swift in Sources */ = {isa = PBXBuildFile; fileRef = B914F96421D921760072032E /* SportsKind.swift */; };
		B914F96721D935F30072032E /* EventDetailViewController.swift in Sources */ = {isa = PBXBuildFile; fileRef = B914F96621D935F30072032E /* EventDetailViewController.swift */; };
		B914F96921D936810072032E /* EventCollectionViewCell.swift in Sources */ = {isa = PBXBuildFile; fileRef = B914F96821D936810072032E /* EventCollectionViewCell.swift */; };
		B914F96D21D9479B0072032E /* EventCollectionViewCell.xib in Resources */ = {isa = PBXBuildFile; fileRef = B914F96C21D9479B0072032E /* EventCollectionViewCell.xib */; };
/* End PBXBuildFile section */

/* Begin PBXFileReference section */
		B914F94B21D9103D0072032E /* GsSampleApp1.app */ = {isa = PBXFileReference; explicitFileType = wrapper.application; includeInIndex = 0; path = GsSampleApp1.app; sourceTree = BUILT_PRODUCTS_DIR; };
		B914F94E21D9103D0072032E /* AppDelegate.swift */ = {isa = PBXFileReference; lastKnownFileType = sourcecode.swift; path = AppDelegate.swift; sourceTree = "<group>"; };
		B914F95021D9103D0072032E /* ViewController.swift */ = {isa = PBXFileReference; lastKnownFileType = sourcecode.swift; path = ViewController.swift; sourceTree = "<group>"; };
		B914F95321D9103D0072032E /* Base */ = {isa = PBXFileReference; lastKnownFileType = file.storyboard; name = Base; path = Base.lproj/Main.storyboard; sourceTree = "<group>"; };
		B914F95521D9103E0072032E /* Assets.xcassets */ = {isa = PBXFileReference; lastKnownFileType = folder.assetcatalog; path = Assets.xcassets; sourceTree = "<group>"; };
		B914F95821D9103E0072032E /* Base */ = {isa = PBXFileReference; lastKnownFileType = file.storyboard; name = Base; path = Base.lproj/LaunchScreen.storyboard; sourceTree = "<group>"; };
		B914F95A21D9103E0072032E /* Info.plist */ = {isa = PBXFileReference; lastKnownFileType = text.plist.xml; path = Info.plist; sourceTree = "<group>"; };
		B914F96021D91DCD0072032E /* AddEventViewController.swift */ = {isa = PBXFileReference; lastKnownFileType = sourcecode.swift; path = AddEventViewController.swift; sourceTree = "<group>"; };
		B914F96421D921760072032E /* SportsKind.swift */ = {isa = PBXFileReference; lastKnownFileType = sourcecode.swift; path = SportsKind.swift; sourceTree = "<group>"; };
		B914F96621D935F30072032E /* EventDetailViewController.swift */ = {isa = PBXFileReference; lastKnownFileType = sourcecode.swift; path = EventDetailViewController.swift; sourceTree = "<group>"; };
		B914F96821D936810072032E /* EventCollectionViewCell.swift */ = {isa = PBXFileReference; lastKnownFileType = sourcecode.swift; path = EventCollectionViewCell.swift; sourceTree = "<group>"; };
		B914F96C21D9479B0072032E /* EventCollectionViewCell.xib */ = {isa = PBXFileReference; lastKnownFileType = file.xib; path = EventCollectionViewCell.xib; sourceTree = "<group>"; };
/* End PBXFileReference section */

/* Begin PBXFrameworksBuildPhase section */
		B914F94821D9103D0072032E /* Frameworks */ = {
			isa = PBXFrameworksBuildPhase;
			buildActionMask = 2147483647;
			files = (
			);
			runOnlyForDeploymentPostprocessing = 0;
		};
/* End PBXFrameworksBuildPhase section */

/* Begin PBXGroup section */
		B914F94221D9103D0072032E = {
			isa = PBXGroup;
			children = (
				B914F94D21D9103D0072032E /* GsSampleApp1 */,
				B914F94C21D9103D0072032E /* Products */,
			);
			sourceTree = "<group>";
		};
		B914F94C21D9103D0072032E /* Products */ = {
			isa = PBXGroup;
			children = (
				B914F94B21D9103D0072032E /* GsSampleApp1.app */,
			);
			name = Products;
			sourceTree = "<group>";
		};
		B914F94D21D9103D0072032E /* GsSampleApp1 */ = {
			isa = PBXGroup;
			children = (
				B914F94E21D9103D0072032E /* AppDelegate.swift */,
				B914F95021D9103D0072032E /* ViewController.swift */,
				B914F96621D935F30072032E /* EventDetailViewController.swift */,
				B914F96021D91DCD0072032E /* AddEventViewController.swift */,
				B914F96821D936810072032E /* EventCollectionViewCell.swift */,
				B914F96421D921760072032E /* SportsKind.swift */,
				B914F95221D9103D0072032E /* Main.storyboard */,
				B914F96C21D9479B0072032E /* EventCollectionViewCell.xib */,
				B914F95521D9103E0072032E /* Assets.xcassets */,
				B914F95721D9103E0072032E /* LaunchScreen.storyboard */,
				B914F95A21D9103E0072032E /* Info.plist */,
			);
			path = GsSampleApp1;
			sourceTree = "<group>";
		};
/* End PBXGroup section */

/* Begin PBXNativeTarget section */
		B914F94A21D9103D0072032E /* GsSampleApp1 */ = {
			isa = PBXNativeTarget;
			buildConfigurationList = B914F95D21D9103E0072032E /* Build configuration list for PBXNativeTarget "GsSampleApp1" */;
			buildPhases = (
				B914F94721D9103D0072032E /* Sources */,
				B914F94821D9103D0072032E /* Frameworks */,
				B914F94921D9103D0072032E /* Resources */,
			);
			buildRules = (
			);
			dependencies = (
			);
			name = GsSampleApp1;
			productName = GsSampleApp1;
			productReference = B914F94B21D9103D0072032E /* GsSampleApp1.app */;
			productType = "com.apple.product-type.application";
		};
/* End PBXNativeTarget section */

/* Begin PBXProject section */
		B914F94321D9103D0072032E /* Project object */ = {
			isa = PBXProject;
			attributes = {
				LastSwiftUpdateCheck = 1010;
				LastUpgradeCheck = 1010;
				ORGANIZATIONNAME = jollyjoester;
				TargetAttributes = {
					B914F94A21D9103D0072032E = {
						CreatedOnToolsVersion = 10.1;
					};
				};
			};
			buildConfigurationList = B914F94621D9103D0072032E /* Build configuration list for PBXProject "GsSampleApp1" */;
			compatibilityVersion = "Xcode 9.3";
			developmentRegion = en;
			hasScannedForEncodings = 0;
			knownRegions = (
				en,
				Base,
			);
			mainGroup = B914F94221D9103D0072032E;
			productRefGroup = B914F94C21D9103D0072032E /* Products */;
			projectDirPath = "";
			projectRoot = "";
			targets = (
				B914F94A21D9103D0072032E /* GsSampleApp1 */,
			);
		};
/* End PBXProject section */

/* Begin PBXResourcesBuildPhase section */
		B914F94921D9103D0072032E /* Resources */ = {
			isa = PBXResourcesBuildPhase;
			buildActionMask = 2147483647;
			files = (
				B914F96D21D9479B0072032E /* EventCollectionViewCell.xib in Resources */,
				B914F95921D9103E0072032E /* LaunchScreen.storyboard in Resources */,
				B914F95621D9103E0072032E /* Assets.xcassets in Resources */,
				B914F95421D9103D0072032E /* Main.storyboard in Resources */,
			);
			runOnlyForDeploymentPostprocessing = 0;
		};
/* End PBXResourcesBuildPhase section */

/* Begin PBXSourcesBuildPhase section */
		B914F94721D9103D0072032E /* Sources */ = {
			isa = PBXSourcesBuildPhase;
			buildActionMask = 2147483647;
			files = (
				B914F95121D9103D0072032E /* ViewController.swift in Sources */,
				B914F96921D936810072032E /* EventCollectionViewCell.swift in Sources */,
				B914F96721D935F30072032E /* EventDetailViewController.swift in Sources */,
				B914F96121D91DCD0072032E /* AddEventViewController.swift in Sources */,
				B914F94F21D9103D0072032E /* AppDelegate.swift in Sources */,
				B914F96521D921760072032E /* SportsKind.swift in Sources */,
			);
			runOnlyForDeploymentPostprocessing = 0;
		};
/* End PBXSourcesBuildPhase section */

/* Begin PBXVariantGroup section */
		B914F95221D9103D0072032E /* Main.storyboard */ = {
			isa = PBXVariantGroup;
			children = (
				B914F95321D9103D0072032E /* Base */,
			);
			name = Main.storyboard;
			sourceTree = "<group>";
		};
		B914F95721D9103E0072032E /* LaunchScreen.storyboard */ = {
			isa = PBXVariantGroup;
			children = (
				B914F95821D9103E0072032E /* Base */,
			);
			name = LaunchScreen.storyboard;
			sourceTree = "<group>";
		};
/* End PBXVariantGroup section */

/* Begin XCBuildConfiguration section */
		B914F95B21D9103E0072032E /* Debug */ = {
			isa = XCBuildConfiguration;
			buildSettings = {
				ALWAYS_SEARCH_USER_PATHS = NO;
				CLANG_ANALYZER_NONNULL = YES;
				CLANG_ANALYZER_NUMBER_OBJECT_CONVERSION = YES_AGGRESSIVE;
				CLANG_CXX_LANGUAGE_STANDARD = "gnu++14";
				CLANG_CXX_LIBRARY = "libc++";
				CLANG_ENABLE_MODULES = YES;
				CLANG_ENABLE_OBJC_ARC = YES;
				CLANG_ENABLE_OBJC_WEAK = YES;
				CLANG_WARN_BLOCK_CAPTURE_AUTORELEASING = YES;
				CLANG_WARN_BOOL_CONVERSION = YES;
				CLANG_WARN_COMMA = YES;
				CLANG_WARN_CONSTANT_CONVERSION = YES;
				CLANG_WARN_DEPRECATED_OBJC_IMPLEMENTATIONS = YES;
				CLANG_WARN_DIRECT_OBJC_ISA_USAGE = YES_ERROR;
				CLANG_WARN_DOCUMENTATION_COMMENTS = YES;
				CLANG_WARN_EMPTY_BODY = YES;
				CLANG_WARN_ENUM_CONVERSION = YES;
				CLANG_WARN_INFINITE_RECURSION = YES;
				CLANG_WARN_INT_CONVERSION = YES;
				CLANG_WARN_NON_LITERAL_NULL_CONVERSION = YES;
				CLANG_WARN_OBJC_IMPLICIT_RETAIN_SELF = YES;
				CLANG_WARN_OBJC_LITERAL_CONVERSION = YES;
				CLANG_WARN_OBJC_ROOT_CLASS = YES_ERROR;
				CLANG_WARN_RANGE_LOOP_ANALYSIS = YES;
				CLANG_WARN_STRICT_PROTOTYPES = YES;
				CLANG_WARN_SUSPICIOUS_MOVE = YES;
				CLANG_WARN_UNGUARDED_AVAILABILITY = YES_AGGRESSIVE;
				CLANG_WARN_UNREACHABLE_CODE = YES;
				CLANG_WARN__DUPLICATE_METHOD_MATCH = YES;
				CODE_SIGN_IDENTITY = "iPhone Developer";
				COPY_PHASE_STRIP = NO;
				DEBUG_INFORMATION_FORMAT = dwarf;
				ENABLE_STRICT_OBJC_MSGSEND = YES;
				ENABLE_TESTABILITY = YES;
				GCC_C_LANGUAGE_STANDARD = gnu11;
				GCC_DYNAMIC_NO_PIC = NO;
				GCC_NO_COMMON_BLOCKS = YES;
				GCC_OPTIMIZATION_LEVEL = 0;
				GCC_PREPROCESSOR_DEFINITIONS = (
					"DEBUG=1",
					"$(inherited)",
				);
				GCC_WARN_64_TO_32_BIT_CONVERSION = YES;
				GCC_WARN_ABOUT_RETURN_TYPE = YES_ERROR;
				GCC_WARN_UNDECLARED_SELECTOR = YES;
				GCC_WARN_UNINITIALIZED_AUTOS = YES_AGGRESSIVE;
				GCC_WARN_UNUSED_FUNCTION = YES;
				GCC_WARN_UNUSED_VARIABLE = YES;
				IPHONEOS_DEPLOYMENT_TARGET = 12.1;
				MTL_ENABLE_DEBUG_INFO = INCLUDE_SOURCE;
				MTL_FAST_MATH = YES;
				ONLY_ACTIVE_ARCH = YES;
				SDKROOT = iphoneos;
				SWIFT_ACTIVE_COMPILATION_CONDITIONS = DEBUG;
				SWIFT_OPTIMIZATION_LEVEL = "-Onone";
			};
			name = Debug;
		};
		B914F95C21D9103E0072032E /* Release */ = {
			isa = XCBuildConfiguration;
			buildSettings = {
				ALWAYS_SEARCH_USER_PATHS = NO;
				CLANG_ANALYZER_NONNULL = YES;
				CLANG_ANALYZER_NUMBER_OBJECT_CONVERSION = YES_AGGRESSIVE;
				CLANG_CXX_LANGUAGE_STANDARD = "gnu++14";
				CLANG_CXX_LIBRARY = "libc++";
				CLANG_ENABLE_MODULES = YES;
				CLANG_ENABLE_OBJC_ARC = YES;
				CLANG_ENABLE_OBJC_WEAK = YES;
				CLANG_WARN_BLOCK_CAPTURE_AUTORELEASING = YES;
				CLANG_WARN_BOOL_CONVERSION = YES;
				CLANG_WARN_COMMA = YES;
				CLANG_WARN_CONSTANT_CONVERSION = YES;
				CLANG_WARN_DEPRECATED_OBJC_IMPLEMENTATIONS = YES;
				CLANG_WARN_DIRECT_OBJC_ISA_USAGE = YES_ERROR;
				CLANG_WARN_DOCUMENTATION_COMMENTS = YES;
				CLANG_WARN_EMPTY_BODY = YES;
				CLANG_WARN_ENUM_CONVERSION = YES;
				CLANG_WARN_INFINITE_RECURSION = YES;
				CLANG_WARN_INT_CONVERSION = YES;
				CLANG_WARN_NON_LITERAL_NULL_CONVERSION = YES;
				CLANG_WARN_OBJC_IMPLICIT_RETAIN_SELF = YES;
				CLANG_WARN_OBJC_LITERAL_CONVERSION = YES;
				CLANG_WARN_OBJC_ROOT_CLASS = YES_ERROR;
				CLANG_WARN_RANGE_LOOP_ANALYSIS = YES;
				CLANG_WARN_STRICT_PROTOTYPES = YES;
				CLANG_WARN_SUSPICIOUS_MOVE = YES;
				CLANG_WARN_UNGUARDED_AVAILABILITY = YES_AGGRESSIVE;
				CLANG_WARN_UNREACHABLE_CODE = YES;
				CLANG_WARN__DUPLICATE_METHOD_MATCH = YES;
				CODE_SIGN_IDENTITY = "iPhone Developer";
				COPY_PHASE_STRIP = NO;
				DEBUG_INFORMATION_FORMAT = "dwarf-with-dsym";
				ENABLE_NS_ASSERTIONS = NO;
				ENABLE_STRICT_OBJC_MSGSEND = YES;
				GCC_C_LANGUAGE_STANDARD = gnu11;
				GCC_NO_COMMON_BLOCKS = YES;
				GCC_WARN_64_TO_32_BIT_CONVERSION = YES;
				GCC_WARN_ABOUT_RETURN_TYPE = YES_ERROR;
				GCC_WARN_UNDECLARED_SELECTOR = YES;
				GCC_WARN_UNINITIALIZED_AUTOS = YES_AGGRESSIVE;
				GCC_WARN_UNUSED_FUNCTION = YES;
				GCC_WARN_UNUSED_VARIABLE = YES;
				IPHONEOS_DEPLOYMENT_TARGET = 12.1;
				MTL_ENABLE_DEBUG_INFO = NO;
				MTL_FAST_MATH = YES;
				SDKROOT = iphoneos;
				SWIFT_COMPILATION_MODE = wholemodule;
				SWIFT_OPTIMIZATION_LEVEL = "-O";
				VALIDATE_PRODUCT = YES;
			};
			name = Release;
		};
		B914F95E21D9103E0072032E /* Debug */ = {
			isa = XCBuildConfiguration;
			buildSettings = {
				ASSETCATALOG_COMPILER_APPICON_NAME = AppIcon;
				CODE_SIGN_STYLE = Automatic;
				DEVELOPMENT_TEAM = 2H5U5323DL;
				INFOPLIST_FILE = GsSampleApp1/Info.plist;
				IPHONEOS_DEPLOYMENT_TARGET = 10.0;
				LD_RUNPATH_SEARCH_PATHS = (
					"$(inherited)",
					"@executable_path/Frameworks",
				);
				PRODUCT_BUNDLE_IDENTIFIER = com.jollyjoester.GsSampleApp1;
				PRODUCT_NAME = "$(TARGET_NAME)";
				SWIFT_VERSION = 4.2;
				TARGETED_DEVICE_FAMILY = "1,2";
			};
			name = Debug;
		};
		B914F95F21D9103E0072032E /* Release */ = {
			isa = XCBuildConfiguration;
			buildSettings = {
				ASSETCATALOG_COMPILER_APPICON_NAME = AppIcon;
				CODE_SIGN_STYLE = Automatic;
				DEVELOPMENT_TEAM = 2H5U5323DL;
				INFOPLIST_FILE = GsSampleApp1/Info.plist;
				IPHONEOS_DEPLOYMENT_TARGET = 10.0;
				LD_RUNPATH_SEARCH_PATHS = (
					"$(inherited)",
					"@executable_path/Frameworks",
				);
				PRODUCT_BUNDLE_IDENTIFIER = com.jollyjoester.GsSampleApp1;
				PRODUCT_NAME = "$(TARGET_NAME)";
				SWIFT_VERSION = 4.2;
				TARGETED_DEVICE_FAMILY = "1,2";
			};
			name = Release;
		};
/* End XCBuildConfiguration section */

/* Begin XCConfigurationList section */
		B914F94621D9103D0072032E /* Build configuration list for PBXProject "GsSampleApp1" */ = {
			isa = XCConfigurationList;
			buildConfigurations = (
				B914F95B21D9103E0072032E /* Debug */,
				B914F95C21D9103E0072032E /* Release */,
			);
			defaultConfigurationIsVisible = 0;
			defaultConfigurationName = Release;
		};
		B914F95D21D9103E0072032E /* Build configuration list for PBXNativeTarget "GsSampleApp1" */ = {
			isa = XCConfigurationList;
			buildConfigurations = (
				B914F95E21D9103E0072032E /* Debug */,
				B914F95F21D9103E0072032E /* Release */,
			);
			defaultConfigurationIsVisible = 0;
			defaultConfigurationName = Release;
		};
/* End XCConfigurationList section */
	};
	rootObject = B914F94321D9103D0072032E /* Project object */;
}
